
Microsoft Visual Studio Solution File, Format Version 12.00
# Visual Studio Version 17
VisualStudioVersion = 17.12.35707.178 d17.12
MinimumVisualStudioVersion = 10.0.40219.1
Project("{FAE04EC0-301F-11D3-BF4B-00C04F79EFBC}") = "LabTwoLib", "LabTwoLib\LabTwoLib.csproj", "{4C874E53-A56B-4749-9A04-9B2C6C0E64A2}"
EndProject
Project("{FAE04EC0-301F-11D3-BF4B-00C04F79EFBC}") = "LabTwoTest", "LabTwoTest\LabTwoTest.csproj", "{0D0F90A5-311A-4E37-972E-FBF486B3B1EB}"
EndProject
Project("{FAE04EC0-301F-11D3-BF4B-00C04F79EFBC}") = "RootLib", "RootLib\RootLib.csproj", "{EAC25089-B182-45CF-A8B4-566EE55A9782}"
EndProject
Project("{FAE04EC0-301F-11D3-BF4B-00C04F79EFBC}") = "RootLibTest", "RootLibTest\RootLibTest.csproj", "{C5A1C26D-917A-4B1F-A8AF-F3270E0AD0F8}"
EndProject
Global
	GlobalSection(SolutionConfigurationPlatforms) = preSolution
		Debug|Any CPU = Debug|Any CPU
		Release|Any CPU = Release|Any CPU
	EndGlobalSection
	GlobalSection(ProjectConfigurationPlatforms) = postSolution
		{4C874E53-A56B-4749-9A04-9B2C6C0E64A2}.Debug|Any CPU.ActiveCfg = Debug|Any CPU
		{4C874E53-A56B-4749-9A04-9B2C6C0E64A2}.Debug|Any CPU.Build.0 = Debug|Any CPU
		{4C874E53-A56B-4749-9A04-9B2C6C0E64A2}.Release|Any CPU.ActiveCfg = Release|Any CPU
		{4C874E53-A56B-4749-9A04-9B2C6C0E64A2}.Release|Any CPU.Build.0 = Release|Any CPU
		{0D0F90A5-311A-4E37-972E-FBF486B3B1EB}.Debug|Any CPU.ActiveCfg = Debug|Any CPU
		{0D0F90A5-311A-4E37-972E-FBF486B3B1EB}.Debug|Any CPU.Build.0 = Debug|Any CPU
		{0D0F90A5-311A-4E37-972E-FBF486B3B1EB}.Release|Any CPU.ActiveCfg = Release|Any CPU
		{0D0F90A5-311A-4E37-972E-FBF486B3B1EB}.Release|Any CPU.Build.0 = Release|Any CPU
		{EAC25089-B182-45CF-A8B4-566EE55A9782}.Debug|Any CPU.ActiveCfg = Debug|Any CPU
		{EAC25089-B182-45CF-A8B4-566EE55A9782}.Debug|Any CPU.Build.0 = Debug|Any CPU
		{EAC25089-B182-45CF-A8B4-566EE55A9782}.Release|Any CPU.ActiveCfg = Release|Any CPU
		{EAC25089-B182-45CF-A8B4-566EE55A9782}.Release|Any CPU.Build.0 = Release|Any CPU
		{C5A1C26D-917A-4B1F-A8AF-F3270E0AD0F8}.Debug|Any CPU.ActiveCfg = Debug|Any CPU
		{C5A1C26D-917A-4B1F-A8AF-F3270E0AD0F8}.Debug|Any CPU.Build.0 = Debug|Any CPU
		{C5A1C26D-917A-4B1F-A8AF-F3270E0AD0F8}.Release|Any CPU.ActiveCfg = Release|Any CPU
		{C5A1C26D-917A-4B1F-A8AF-F3270E0AD0F8}.Release|Any CPU.Build.0 = Release|Any CPU
	EndGlobalSection
	GlobalSection(SolutionProperties) = preSolution
		HideSolutionNode = FALSE
	EndGlobalSection
EndGlobal
